
Microsoft Visual Studio Solution File, Format Version 12.00
# Visual Studio Version 16
VisualStudioVersion = 16.0.30225.117
MinimumVisualStudioVersion = 10.0.40219.1
Project("{FAE04EC0-301F-11D3-BF4B-00C04F79EFBC}") = "AppBlocker", "src\AppBlocker\AppBlocker.csproj", "{17F792E4-E12A-4B1B-AA65-EF74A5C556EA}"
EndProject
Project("{FAE04EC0-301F-11D3-BF4B-00C04F79EFBC}") = "AppToaster", "src\AppToaster\AppToaster.csproj", "{FB2EC47B-DB1D-4F2A-BE8C-80A4BBCBAD1E}"
EndProject
Global
	GlobalSection(SolutionConfigurationPlatforms) = preSolution
		Debug|Any CPU = Debug|Any CPU
		Release|Any CPU = Release|Any CPU
	EndGlobalSection
	GlobalSection(ProjectConfigurationPlatforms) = postSolution
		{17F792E4-E12A-4B1B-AA65-EF74A5C556EA}.Debug|Any CPU.ActiveCfg = Debug|Any CPU
		{17F792E4-E12A-4B1B-AA65-EF74A5C556EA}.Debug|Any CPU.Build.0 = Debug|Any CPU
		{17F792E4-E12A-4B1B-AA65-EF74A5C556EA}.Release|Any CPU.ActiveCfg = Release|Any CPU
		{17F792E4-E12A-4B1B-AA65-EF74A5C556EA}.Release|Any CPU.Build.0 = Release|Any CPU
		{FB2EC47B-DB1D-4F2A-BE8C-80A4BBCBAD1E}.Debug|Any CPU.ActiveCfg = Debug|Any CPU
		{FB2EC47B-DB1D-4F2A-BE8C-80A4BBCBAD1E}.Debug|Any CPU.Build.0 = Debug|Any CPU
		{FB2EC47B-DB1D-4F2A-BE8C-80A4BBCBAD1E}.Release|Any CPU.ActiveCfg = Release|Any CPU
		{FB2EC47B-DB1D-4F2A-BE8C-80A4BBCBAD1E}.Release|Any CPU.Build.0 = Release|Any CPU
	EndGlobalSection
	GlobalSection(SolutionProperties) = preSolution
		HideSolutionNode = FALSE
	EndGlobalSection
	GlobalSection(ExtensibilityGlobals) = postSolution
		SolutionGuid = {074A7C7E-78C5-4F95-88AD-D605B4426FCA}
	EndGlobalSection
EndGlobal
